
Microsoft Visual Studio Solution File, Format Version 12.00
# Visual Studio Version 17
VisualStudioVersion = 17.5.33414.496
MinimumVisualStudioVersion = 10.0.40219.1
Project("{FAE04EC0-301F-11D3-BF4B-00C04F79EFBC}") = "BubbleSort_And_SortByInsertion", "BubbleSort_And_SortByInsertion.csproj", "{59E76235-E7E2-4626-8E00-27B1B1CA45BA}"
EndProject
Global
	GlobalSection(SolutionConfigurationPlatforms) = preSolution
		Debug|Any CPU = Debug|Any CPU
		Release|Any CPU = Release|Any CPU
	EndGlobalSection
	GlobalSection(ProjectConfigurationPlatforms) = postSolution
		{59E76235-E7E2-4626-8E00-27B1B1CA45BA}.Debug|Any CPU.ActiveCfg = Debug|Any CPU
		{59E76235-E7E2-4626-8E00-27B1B1CA45BA}.Debug|Any CPU.Build.0 = Debug|Any CPU
		{59E76235-E7E2-4626-8E00-27B1B1CA45BA}.Release|Any CPU.ActiveCfg = Release|Any CPU
		{59E76235-E7E2-4626-8E00-27B1B1CA45BA}.Release|Any CPU.Build.0 = Release|Any CPU
	EndGlobalSection
	GlobalSection(SolutionProperties) = preSolution
		HideSolutionNode = FALSE
	EndGlobalSection
	GlobalSection(ExtensibilityGlobals) = postSolution
		SolutionGuid = {76AFFF14-3B6A-4316-AE1E-B00BF0F6E7FA}
	EndGlobalSection
EndGlobal
